
Microsoft Visual Studio Solution File, Format Version 12.00
# Visual Studio 15
VisualStudioVersion = 15.0.28010.2016
MinimumVisualStudioVersion = 10.0.40219.1
Project("{FAE04EC0-301F-11D3-BF4B-00C04F79EFBC}") = "Pets", "Pets\Pets.csproj", "{058C516D-691D-4046-B790-CF47CFFD540A}"
EndProject
Global
	GlobalSection(SolutionConfigurationPlatforms) = preSolution
		Debug|Any CPU = Debug|Any CPU
		Release|Any CPU = Release|Any CPU
	EndGlobalSection
	GlobalSection(ProjectConfigurationPlatforms) = postSolution
		{058C516D-691D-4046-B790-CF47CFFD540A}.Debug|Any CPU.ActiveCfg = Debug|Any CPU
		{058C516D-691D-4046-B790-CF47CFFD540A}.Debug|Any CPU.Build.0 = Debug|Any CPU
		{058C516D-691D-4046-B790-CF47CFFD540A}.Release|Any CPU.ActiveCfg = Release|Any CPU
		{058C516D-691D-4046-B790-CF47CFFD540A}.Release|Any CPU.Build.0 = Release|Any CPU
	EndGlobalSection
	GlobalSection(SolutionProperties) = preSolution
		HideSolutionNode = FALSE
	EndGlobalSection
	GlobalSection(ExtensibilityGlobals) = postSolution
		SolutionGuid = {7B3B52F0-2121-4864-9F30-33E62A8AA0F7}
	EndGlobalSection
EndGlobal
